
Microsoft Visual Studio Solution File, Format Version 12.00
# Visual Studio 15
VisualStudioVersion = 15.0.26730.16
MinimumVisualStudioVersion = 10.0.40219.1
Project("{FAE04EC0-301F-11D3-BF4B-00C04F79EFBC}") = "BrainRingGame.Entity.Abstract", "BrainRingGame.Entity.Abstract\BrainRingGame.Entity.Abstract.csproj", "{F4B4F3DC-58B5-4F1B-A092-85BC43D231EE}"
EndProject
Project("{FAE04EC0-301F-11D3-BF4B-00C04F79EFBC}") = "BrainRingGame.BL.Abstract", "BrainRingGame.BL.Abstract\BrainRingGame.BL.Abstract.csproj", "{017E70B7-6C12-40D4-BB87-298A4646BD5D}"
EndProject
Project("{FAE04EC0-301F-11D3-BF4B-00C04F79EFBC}") = "BrainRingGame.Entity.Impl", "BrainRingGame.Entity.Impl\BrainRingGame.Entity.Impl.csproj", "{99204F5A-26A7-4187-87A9-CF7A61EBEAA0}"
EndProject
Project("{FAE04EC0-301F-11D3-BF4B-00C04F79EFBC}") = "BrainRingGame.BL.Impl", "BrainRingGame.BL.Impl\BrainRingGame.BL.Impl.csproj", "{3660FFCE-49D4-4AC9-8D28-CEB501E038C9}"
EndProject
Project("{FAE04EC0-301F-11D3-BF4B-00C04F79EFBC}") = "BrainRingGame.Console.Test", "BrainRingGame.Console.Test\BrainRingGame.Console.Test.csproj", "{C4DEF43E-7244-4BF0-8B73-DFACB28A750E}"
EndProject
Project("{FAE04EC0-301F-11D3-BF4B-00C04F79EFBC}") = "MyConsoleTest", "ConsoleApp1\MyConsoleTest.csproj", "{86E7CAB7-70CF-4456-A46B-DFF4F0A62D92}"
EndProject
Global
	GlobalSection(SolutionConfigurationPlatforms) = preSolution
		Debug|Any CPU = Debug|Any CPU
		Release|Any CPU = Release|Any CPU
	EndGlobalSection
	GlobalSection(ProjectConfigurationPlatforms) = postSolution
		{F4B4F3DC-58B5-4F1B-A092-85BC43D231EE}.Debug|Any CPU.ActiveCfg = Debug|Any CPU
		{F4B4F3DC-58B5-4F1B-A092-85BC43D231EE}.Debug|Any CPU.Build.0 = Debug|Any CPU
		{F4B4F3DC-58B5-4F1B-A092-85BC43D231EE}.Release|Any CPU.ActiveCfg = Release|Any CPU
		{F4B4F3DC-58B5-4F1B-A092-85BC43D231EE}.Release|Any CPU.Build.0 = Release|Any CPU
		{017E70B7-6C12-40D4-BB87-298A4646BD5D}.Debug|Any CPU.ActiveCfg = Debug|Any CPU
		{017E70B7-6C12-40D4-BB87-298A4646BD5D}.Debug|Any CPU.Build.0 = Debug|Any CPU
		{017E70B7-6C12-40D4-BB87-298A4646BD5D}.Release|Any CPU.ActiveCfg = Release|Any CPU
		{017E70B7-6C12-40D4-BB87-298A4646BD5D}.Release|Any CPU.Build.0 = Release|Any CPU
		{99204F5A-26A7-4187-87A9-CF7A61EBEAA0}.Debug|Any CPU.ActiveCfg = Debug|Any CPU
		{99204F5A-26A7-4187-87A9-CF7A61EBEAA0}.Debug|Any CPU.Build.0 = Debug|Any CPU
		{99204F5A-26A7-4187-87A9-CF7A61EBEAA0}.Release|Any CPU.ActiveCfg = Release|Any CPU
		{99204F5A-26A7-4187-87A9-CF7A61EBEAA0}.Release|Any CPU.Build.0 = Release|Any CPU
		{3660FFCE-49D4-4AC9-8D28-CEB501E038C9}.Debug|Any CPU.ActiveCfg = Debug|Any CPU
		{3660FFCE-49D4-4AC9-8D28-CEB501E038C9}.Debug|Any CPU.Build.0 = Debug|Any CPU
		{3660FFCE-49D4-4AC9-8D28-CEB501E038C9}.Release|Any CPU.ActiveCfg = Release|Any CPU
		{3660FFCE-49D4-4AC9-8D28-CEB501E038C9}.Release|Any CPU.Build.0 = Release|Any CPU
		{C4DEF43E-7244-4BF0-8B73-DFACB28A750E}.Debug|Any CPU.ActiveCfg = Debug|Any CPU
		{C4DEF43E-7244-4BF0-8B73-DFACB28A750E}.Debug|Any CPU.Build.0 = Debug|Any CPU
		{C4DEF43E-7244-4BF0-8B73-DFACB28A750E}.Release|Any CPU.ActiveCfg = Release|Any CPU
		{C4DEF43E-7244-4BF0-8B73-DFACB28A750E}.Release|Any CPU.Build.0 = Release|Any CPU
		{86E7CAB7-70CF-4456-A46B-DFF4F0A62D92}.Debug|Any CPU.ActiveCfg = Debug|Any CPU
		{86E7CAB7-70CF-4456-A46B-DFF4F0A62D92}.Debug|Any CPU.Build.0 = Debug|Any CPU
		{86E7CAB7-70CF-4456-A46B-DFF4F0A62D92}.Release|Any CPU.ActiveCfg = Release|Any CPU
		{86E7CAB7-70CF-4456-A46B-DFF4F0A62D92}.Release|Any CPU.Build.0 = Release|Any CPU
	EndGlobalSection
	GlobalSection(SolutionProperties) = preSolution
		HideSolutionNode = FALSE
	EndGlobalSection
	GlobalSection(ExtensibilityGlobals) = postSolution
		SolutionGuid = {9AFF7555-DC85-4793-806A-1BB6259E5452}
	EndGlobalSection
EndGlobal
